// !$*UTF8*$!
{
	archiveVersion = 1;
	classes = {
	};
	objectVersion = 56;
	objects = {

/* Begin PBXBuildFile section */
		B90441DE28ED6534001D946B /* CharacterCollectorApp.swift in Sources */ = {isa = PBXBuildFile; fileRef = B90441DD28ED6534001D946B /* CharacterCollectorApp.swift */; };
		B90441E028ED6534001D946B /* RollsListView.swift in Sources */ = {isa = PBXBuildFile; fileRef = B90441DF28ED6534001D946B /* RollsListView.swift */; };
		B90441E228ED6537001D946B /* Assets.xcassets in Resources */ = {isa = PBXBuildFile; fileRef = B90441E128ED6537001D946B /* Assets.xcassets */; };
		B90441E528ED6537001D946B /* Preview Assets.xcassets in Resources */ = {isa = PBXBuildFile; fileRef = B90441E428ED6537001D946B /* Preview Assets.xcassets */; };
		B904420828ED6C18001D946B /* JikanModel.swift in Sources */ = {isa = PBXBuildFile; fileRef = B904420728ED6C18001D946B /* JikanModel.swift */; };
		B904420A28EEA028001D946B /* Network.swift in Sources */ = {isa = PBXBuildFile; fileRef = B904420928EEA028001D946B /* Network.swift */; };
		B904420C28EEAACD001D946B /* EntryView.swift in Sources */ = {isa = PBXBuildFile; fileRef = B904420B28EEAACD001D946B /* EntryView.swift */; };
		B904420E28F01DC1001D946B /* CharacterTile.swift in Sources */ = {isa = PBXBuildFile; fileRef = B904420D28F01DC1001D946B /* CharacterTile.swift */; };
		B90442102903CB9D001D946B /* RollsListViewModel.swift in Sources */ = {isa = PBXBuildFile; fileRef = B904420F2903CB9D001D946B /* RollsListViewModel.swift */; };
		B999F5C02986C3AC00B96CED /* ClaimedListView.swift in Sources */ = {isa = PBXBuildFile; fileRef = B999F5BF2986C3AC00B96CED /* ClaimedListView.swift */; };
		B999F5C42986D09A00B96CED /* JikanManager.swift in Sources */ = {isa = PBXBuildFile; fileRef = B999F5C32986D09A00B96CED /* JikanManager.swift */; };
		B999F5E5298B76CD00B96CED /* SnapshotTests.swift in Sources */ = {isa = PBXBuildFile; fileRef = B999F5CF298B6FA000B96CED /* SnapshotTests.swift */; };
		B999F5E7298B76DD00B96CED /* SnapshotTesting in Frameworks */ = {isa = PBXBuildFile; productRef = B999F5E6298B76DD00B96CED /* SnapshotTesting */; };
/* End PBXBuildFile section */

/* Begin PBXContainerItemProxy section */
		B999F5E0298B769500B96CED /* PBXContainerItemProxy */ = {
			isa = PBXContainerItemProxy;
			containerPortal = B90441D228ED6534001D946B /* Project object */;
			proxyType = 1;
			remoteGlobalIDString = B90441D928ED6534001D946B;
			remoteInfo = CharacterCollector;
		};
/* End PBXContainerItemProxy section */

/* Begin PBXCopyFilesBuildPhase section */
		B999F5CC298B6CD500B96CED /* Embed Frameworks */ = {
			isa = PBXCopyFilesBuildPhase;
			buildActionMask = 2147483647;
			dstPath = "";
			dstSubfolderSpec = 10;
			files = (
			);
			name = "Embed Frameworks";
			runOnlyForDeploymentPostprocessing = 0;
		};
/* End PBXCopyFilesBuildPhase section */

/* Begin PBXFileReference section */
		B90441DA28ED6534001D946B /* CharacterCollector.app */ = {isa = PBXFileReference; explicitFileType = wrapper.application; includeInIndex = 0; path = CharacterCollector.app; sourceTree = BUILT_PRODUCTS_DIR; };
		B90441DD28ED6534001D946B /* CharacterCollectorApp.swift */ = {isa = PBXFileReference; lastKnownFileType = sourcecode.swift; path = CharacterCollectorApp.swift; sourceTree = "<group>"; };
		B90441DF28ED6534001D946B /* RollsListView.swift */ = {isa = PBXFileReference; lastKnownFileType = sourcecode.swift; path = RollsListView.swift; sourceTree = "<group>"; };
		B90441E128ED6537001D946B /* Assets.xcassets */ = {isa = PBXFileReference; lastKnownFileType = folder.assetcatalog; path = Assets.xcassets; sourceTree = "<group>"; };
		B90441E428ED6537001D946B /* Preview Assets.xcassets */ = {isa = PBXFileReference; lastKnownFileType = folder.assetcatalog; path = "Preview Assets.xcassets"; sourceTree = "<group>"; };
		B904420728ED6C18001D946B /* JikanModel.swift */ = {isa = PBXFileReference; lastKnownFileType = sourcecode.swift; path = JikanModel.swift; sourceTree = "<group>"; };
		B904420928EEA028001D946B /* Network.swift */ = {isa = PBXFileReference; lastKnownFileType = sourcecode.swift; path = Network.swift; sourceTree = "<group>"; };
		B904420B28EEAACD001D946B /* EntryView.swift */ = {isa = PBXFileReference; lastKnownFileType = sourcecode.swift; path = EntryView.swift; sourceTree = "<group>"; };
		B904420D28F01DC1001D946B /* CharacterTile.swift */ = {isa = PBXFileReference; lastKnownFileType = sourcecode.swift; path = CharacterTile.swift; sourceTree = "<group>"; };
		B904420F2903CB9D001D946B /* RollsListViewModel.swift */ = {isa = PBXFileReference; lastKnownFileType = sourcecode.swift; path = RollsListViewModel.swift; sourceTree = "<group>"; };
		B999F5BF2986C3AC00B96CED /* ClaimedListView.swift */ = {isa = PBXFileReference; lastKnownFileType = sourcecode.swift; path = ClaimedListView.swift; sourceTree = "<group>"; };
		B999F5C32986D09A00B96CED /* JikanManager.swift */ = {isa = PBXFileReference; lastKnownFileType = sourcecode.swift; path = JikanManager.swift; sourceTree = "<group>"; };
		B999F5CF298B6FA000B96CED /* SnapshotTests.swift */ = {isa = PBXFileReference; lastKnownFileType = sourcecode.swift; path = SnapshotTests.swift; sourceTree = "<group>"; };
		B999F5D4298B726900B96CED /* XCTest.framework */ = {isa = PBXFileReference; lastKnownFileType = wrapper.framework; name = XCTest.framework; path = Platforms/iPhoneOS.platform/Developer/Library/Frameworks/XCTest.framework; sourceTree = DEVELOPER_DIR; };
		B999F5DC298B769500B96CED /* CharacterCollectorTests.xctest */ = {isa = PBXFileReference; explicitFileType = wrapper.cfbundle; includeInIndex = 0; path = CharacterCollectorTests.xctest; sourceTree = BUILT_PRODUCTS_DIR; };
/* End PBXFileReference section */

/* Begin PBXFrameworksBuildPhase section */
		B90441D728ED6534001D946B /* Frameworks */ = {
			isa = PBXFrameworksBuildPhase;
			buildActionMask = 2147483647;
			files = (
			);
			runOnlyForDeploymentPostprocessing = 0;
		};
		B999F5D9298B769500B96CED /* Frameworks */ = {
			isa = PBXFrameworksBuildPhase;
			buildActionMask = 2147483647;
			files = (
				B999F5E7298B76DD00B96CED /* SnapshotTesting in Frameworks */,
			);
			runOnlyForDeploymentPostprocessing = 0;
		};
/* End PBXFrameworksBuildPhase section */

/* Begin PBXGroup section */
		B90441D128ED6534001D946B = {
			isa = PBXGroup;
			children = (
				B90441DC28ED6534001D946B /* CharacterCollector */,
				B999F5DD298B769500B96CED /* CharacterCollectorTests */,
				B999F5C8298B6CD400B96CED /* Frameworks */,
				B90441DB28ED6534001D946B /* Products */,
			);
			sourceTree = "<group>";
		};
		B90441DB28ED6534001D946B /* Products */ = {
			isa = PBXGroup;
			children = (
				B90441DA28ED6534001D946B /* CharacterCollector.app */,
				B999F5DC298B769500B96CED /* CharacterCollectorTests.xctest */,
			);
			name = Products;
			sourceTree = "<group>";
		};
		B90441DC28ED6534001D946B /* CharacterCollector */ = {
			isa = PBXGroup;
			children = (
				B90441E128ED6537001D946B /* Assets.xcassets */,
				B90441DD28ED6534001D946B /* CharacterCollectorApp.swift */,
				B90442172903E246001D946B /* Models */,
				B90442152903E223001D946B /* Network */,
				B90441E328ED6537001D946B /* Preview Content */,
				B90442142903E1F6001D946B /* UIElements */,
				B90442162903E234001D946B /* ViewModels */,
				B90442132903E1D5001D946B /* Views */,
			);
			path = CharacterCollector;
			sourceTree = "<group>";
		};
		B90441E328ED6537001D946B /* Preview Content */ = {
			isa = PBXGroup;
			children = (
				B90441E428ED6537001D946B /* Preview Assets.xcassets */,
			);
			path = "Preview Content";
			sourceTree = "<group>";
		};
		B90442132903E1D5001D946B /* Views */ = {
			isa = PBXGroup;
			children = (
				B999F5BF2986C3AC00B96CED /* ClaimedListView.swift */,
				B904420B28EEAACD001D946B /* EntryView.swift */,
				B90441DF28ED6534001D946B /* RollsListView.swift */,
			);
			path = Views;
			sourceTree = "<group>";
		};
		B90442142903E1F6001D946B /* UIElements */ = {
			isa = PBXGroup;
			children = (
				B904420D28F01DC1001D946B /* CharacterTile.swift */,
			);
			path = UIElements;
			sourceTree = "<group>";
		};
		B90442152903E223001D946B /* Network */ = {
			isa = PBXGroup;
			children = (
				B904420928EEA028001D946B /* Network.swift */,
			);
			path = Network;
			sourceTree = "<group>";
		};
		B90442162903E234001D946B /* ViewModels */ = {
			isa = PBXGroup;
			children = (
				B904420F2903CB9D001D946B /* RollsListViewModel.swift */,
			);
			path = ViewModels;
			sourceTree = "<group>";
		};
		B90442172903E246001D946B /* Models */ = {
			isa = PBXGroup;
			children = (
				B904420728ED6C18001D946B /* JikanModel.swift */,
				B999F5C32986D09A00B96CED /* JikanManager.swift */,
			);
			path = Models;
			sourceTree = "<group>";
		};
		B999F5C8298B6CD400B96CED /* Frameworks */ = {
			isa = PBXGroup;
			children = (
				B999F5D4298B726900B96CED /* XCTest.framework */,
			);
			name = Frameworks;
			sourceTree = "<group>";
		};
		B999F5CE298B6F8000B96CED /* UnitTests */ = {
			isa = PBXGroup;
			children = (
				B999F5CF298B6FA000B96CED /* SnapshotTests.swift */,
			);
			path = UnitTests;
			sourceTree = "<group>";
		};
		B999F5DD298B769500B96CED /* CharacterCollectorTests */ = {
			isa = PBXGroup;
			children = (
				B999F5CE298B6F8000B96CED /* UnitTests */,
			);
			path = CharacterCollectorTests;
			sourceTree = "<group>";
		};
/* End PBXGroup section */

/* Begin PBXNativeTarget section */
		B90441D928ED6534001D946B /* CharacterCollector */ = {
			isa = PBXNativeTarget;
			buildConfigurationList = B90441FE28ED6537001D946B /* Build configuration list for PBXNativeTarget "CharacterCollector" */;
			buildPhases = (
				B90441D628ED6534001D946B /* Sources */,
				B90441D728ED6534001D946B /* Frameworks */,
				B90441D828ED6534001D946B /* Resources */,
				B999F5CC298B6CD500B96CED /* Embed Frameworks */,
			);
			buildRules = (
			);
			dependencies = (
			);
			name = CharacterCollector;
			packageProductDependencies = (
			);
			productName = CharacterCollector;
			productReference = B90441DA28ED6534001D946B /* CharacterCollector.app */;
			productType = "com.apple.product-type.application";
		};
		B999F5DB298B769500B96CED /* CharacterCollectorTests */ = {
			isa = PBXNativeTarget;
			buildConfigurationList = B999F5E2298B769600B96CED /* Build configuration list for PBXNativeTarget "CharacterCollectorTests" */;
			buildPhases = (
				B999F5D8298B769500B96CED /* Sources */,
				B999F5D9298B769500B96CED /* Frameworks */,
				B999F5DA298B769500B96CED /* Resources */,
			);
			buildRules = (
			);
			dependencies = (
				B999F5E1298B769500B96CED /* PBXTargetDependency */,
			);
			name = CharacterCollectorTests;
			packageProductDependencies = (
				B999F5E6298B76DD00B96CED /* SnapshotTesting */,
			);
			productName = CharacterCollectorTests;
			productReference = B999F5DC298B769500B96CED /* CharacterCollectorTests.xctest */;
			productType = "com.apple.product-type.bundle.unit-test";
		};
/* End PBXNativeTarget section */

/* Begin PBXProject section */
		B90441D228ED6534001D946B /* Project object */ = {
			isa = PBXProject;
			attributes = {
				BuildIndependentTargetsInParallel = 1;
				LastSwiftUpdateCheck = 1410;
				LastUpgradeCheck = 1400;
				TargetAttributes = {
					B90441D928ED6534001D946B = {
						CreatedOnToolsVersion = 14.0.1;
					};
					B999F5DB298B769500B96CED = {
						CreatedOnToolsVersion = 14.1;
						TestTargetID = B90441D928ED6534001D946B;
					};
				};
			};
			buildConfigurationList = B90441D528ED6534001D946B /* Build configuration list for PBXProject "CharacterCollector" */;
			compatibilityVersion = "Xcode 14.0";
			developmentRegion = en;
			hasScannedForEncodings = 0;
			knownRegions = (
				en,
				Base,
			);
			mainGroup = B90441D128ED6534001D946B;
			packageReferences = (
				B999F5C5298B660900B96CED /* XCRemoteSwiftPackageReference "swift-snapshot-testing" */,
			);
			productRefGroup = B90441DB28ED6534001D946B /* Products */;
			projectDirPath = "";
			projectRoot = "";
			targets = (
				B90441D928ED6534001D946B /* CharacterCollector */,
				B999F5DB298B769500B96CED /* CharacterCollectorTests */,
			);
		};
/* End PBXProject section */

/* Begin PBXResourcesBuildPhase section */
		B90441D828ED6534001D946B /* Resources */ = {
			isa = PBXResourcesBuildPhase;
			buildActionMask = 2147483647;
			files = (
				B90441E528ED6537001D946B /* Preview Assets.xcassets in Resources */,
				B90441E228ED6537001D946B /* Assets.xcassets in Resources */,
			);
			runOnlyForDeploymentPostprocessing = 0;
		};
		B999F5DA298B769500B96CED /* Resources */ = {
			isa = PBXResourcesBuildPhase;
			buildActionMask = 2147483647;
			files = (
			);
			runOnlyForDeploymentPostprocessing = 0;
		};
/* End PBXResourcesBuildPhase section */

/* Begin PBXSourcesBuildPhase section */
		B90441D628ED6534001D946B /* Sources */ = {
			isa = PBXSourcesBuildPhase;
			buildActionMask = 2147483647;
			files = (
				B90442102903CB9D001D946B /* RollsListViewModel.swift in Sources */,
				B90441E028ED6534001D946B /* RollsListView.swift in Sources */,
				B90441DE28ED6534001D946B /* CharacterCollectorApp.swift in Sources */,
				B904420C28EEAACD001D946B /* EntryView.swift in Sources */,
				B904420E28F01DC1001D946B /* CharacterTile.swift in Sources */,
				B904420A28EEA028001D946B /* Network.swift in Sources */,
				B999F5C02986C3AC00B96CED /* ClaimedListView.swift in Sources */,
				B904420828ED6C18001D946B /* JikanModel.swift in Sources */,
				B999F5C42986D09A00B96CED /* JikanManager.swift in Sources */,
			);
			runOnlyForDeploymentPostprocessing = 0;
		};
		B999F5D8298B769500B96CED /* Sources */ = {
			isa = PBXSourcesBuildPhase;
			buildActionMask = 2147483647;
			files = (
				B999F5E5298B76CD00B96CED /* SnapshotTests.swift in Sources */,
			);
			runOnlyForDeploymentPostprocessing = 0;
		};
/* End PBXSourcesBuildPhase section */

/* Begin PBXTargetDependency section */
		B999F5E1298B769500B96CED /* PBXTargetDependency */ = {
			isa = PBXTargetDependency;
			target = B90441D928ED6534001D946B /* CharacterCollector */;
			targetProxy = B999F5E0298B769500B96CED /* PBXContainerItemProxy */;
		};
/* End PBXTargetDependency section */

/* Begin XCBuildConfiguration section */
		B90441FC28ED6537001D946B /* Debug */ = {
			isa = XCBuildConfiguration;
			buildSettings = {
				ALWAYS_SEARCH_USER_PATHS = NO;
				CLANG_ANALYZER_NONNULL = YES;
				CLANG_ANALYZER_NUMBER_OBJECT_CONVERSION = YES_AGGRESSIVE;
				CLANG_CXX_LANGUAGE_STANDARD = "gnu++20";
				CLANG_ENABLE_MODULES = YES;
				CLANG_ENABLE_OBJC_ARC = YES;
				CLANG_ENABLE_OBJC_WEAK = YES;
				CLANG_WARN_BLOCK_CAPTURE_AUTORELEASING = YES;
				CLANG_WARN_BOOL_CONVERSION = YES;
				CLANG_WARN_COMMA = YES;
				CLANG_WARN_CONSTANT_CONVERSION = YES;
				CLANG_WARN_DEPRECATED_OBJC_IMPLEMENTATIONS = YES;
				CLANG_WARN_DIRECT_OBJC_ISA_USAGE = YES_ERROR;
				CLANG_WARN_DOCUMENTATION_COMMENTS = YES;
				CLANG_WARN_EMPTY_BODY = YES;
				CLANG_WARN_ENUM_CONVERSION = YES;
				CLANG_WARN_INFINITE_RECURSION = YES;
				CLANG_WARN_INT_CONVERSION = YES;
				CLANG_WARN_NON_LITERAL_NULL_CONVERSION = YES;
				CLANG_WARN_OBJC_IMPLICIT_RETAIN_SELF = YES;
				CLANG_WARN_OBJC_LITERAL_CONVERSION = YES;
				CLANG_WARN_OBJC_ROOT_CLASS = YES_ERROR;
				CLANG_WARN_QUOTED_INCLUDE_IN_FRAMEWORK_HEADER = YES;
				CLANG_WARN_RANGE_LOOP_ANALYSIS = YES;
				CLANG_WARN_STRICT_PROTOTYPES = YES;
				CLANG_WARN_SUSPICIOUS_MOVE = YES;
				CLANG_WARN_UNGUARDED_AVAILABILITY = YES_AGGRESSIVE;
				CLANG_WARN_UNREACHABLE_CODE = YES;
				CLANG_WARN__DUPLICATE_METHOD_MATCH = YES;
				COPY_PHASE_STRIP = NO;
				DEBUG_INFORMATION_FORMAT = dwarf;
				ENABLE_STRICT_OBJC_MSGSEND = YES;
				ENABLE_TESTABILITY = YES;
				GCC_C_LANGUAGE_STANDARD = gnu11;
				GCC_DYNAMIC_NO_PIC = NO;
				GCC_NO_COMMON_BLOCKS = YES;
				GCC_OPTIMIZATION_LEVEL = 0;
				GCC_PREPROCESSOR_DEFINITIONS = (
					"DEBUG=1",
					"$(inherited)",
				);
				GCC_WARN_64_TO_32_BIT_CONVERSION = YES;
				GCC_WARN_ABOUT_RETURN_TYPE = YES_ERROR;
				GCC_WARN_UNDECLARED_SELECTOR = YES;
				GCC_WARN_UNINITIALIZED_AUTOS = YES_AGGRESSIVE;
				GCC_WARN_UNUSED_FUNCTION = YES;
				GCC_WARN_UNUSED_VARIABLE = YES;
				IPHONEOS_DEPLOYMENT_TARGET = 16.0;
				MTL_ENABLE_DEBUG_INFO = INCLUDE_SOURCE;
				MTL_FAST_MATH = YES;
				ONLY_ACTIVE_ARCH = YES;
				SDKROOT = iphoneos;
				SWIFT_ACTIVE_COMPILATION_CONDITIONS = DEBUG;
				SWIFT_OPTIMIZATION_LEVEL = "-Onone";
			};
			name = Debug;
		};
		B90441FD28ED6537001D946B /* Release */ = {
			isa = XCBuildConfiguration;
			buildSettings = {
				ALWAYS_SEARCH_USER_PATHS = NO;
				CLANG_ANALYZER_NONNULL = YES;
				CLANG_ANALYZER_NUMBER_OBJECT_CONVERSION = YES_AGGRESSIVE;
				CLANG_CXX_LANGUAGE_STANDARD = "gnu++20";
				CLANG_ENABLE_MODULES = YES;
				CLANG_ENABLE_OBJC_ARC = YES;
				CLANG_ENABLE_OBJC_WEAK = YES;
				CLANG_WARN_BLOCK_CAPTURE_AUTORELEASING = YES;
				CLANG_WARN_BOOL_CONVERSION = YES;
				CLANG_WARN_COMMA = YES;
				CLANG_WARN_CONSTANT_CONVERSION = YES;
				CLANG_WARN_DEPRECATED_OBJC_IMPLEMENTATIONS = YES;
				CLANG_WARN_DIRECT_OBJC_ISA_USAGE = YES_ERROR;
				CLANG_WARN_DOCUMENTATION_COMMENTS = YES;
				CLANG_WARN_EMPTY_BODY = YES;
				CLANG_WARN_ENUM_CONVERSION = YES;
				CLANG_WARN_INFINITE_RECURSION = YES;
				CLANG_WARN_INT_CONVERSION = YES;
				CLANG_WARN_NON_LITERAL_NULL_CONVERSION = YES;
				CLANG_WARN_OBJC_IMPLICIT_RETAIN_SELF = YES;
				CLANG_WARN_OBJC_LITERAL_CONVERSION = YES;
				CLANG_WARN_OBJC_ROOT_CLASS = YES_ERROR;
				CLANG_WARN_QUOTED_INCLUDE_IN_FRAMEWORK_HEADER = YES;
				CLANG_WARN_RANGE_LOOP_ANALYSIS = YES;
				CLANG_WARN_STRICT_PROTOTYPES = YES;
				CLANG_WARN_SUSPICIOUS_MOVE = YES;
				CLANG_WARN_UNGUARDED_AVAILABILITY = YES_AGGRESSIVE;
				CLANG_WARN_UNREACHABLE_CODE = YES;
				CLANG_WARN__DUPLICATE_METHOD_MATCH = YES;
				COPY_PHASE_STRIP = NO;
				DEBUG_INFORMATION_FORMAT = "dwarf-with-dsym";
				ENABLE_NS_ASSERTIONS = NO;
				ENABLE_STRICT_OBJC_MSGSEND = YES;
				GCC_C_LANGUAGE_STANDARD = gnu11;
				GCC_NO_COMMON_BLOCKS = YES;
				GCC_WARN_64_TO_32_BIT_CONVERSION = YES;
				GCC_WARN_ABOUT_RETURN_TYPE = YES_ERROR;
				GCC_WARN_UNDECLARED_SELECTOR = YES;
				GCC_WARN_UNINITIALIZED_AUTOS = YES_AGGRESSIVE;
				GCC_WARN_UNUSED_FUNCTION = YES;
				GCC_WARN_UNUSED_VARIABLE = YES;
				IPHONEOS_DEPLOYMENT_TARGET = 16.0;
				MTL_ENABLE_DEBUG_INFO = NO;
				MTL_FAST_MATH = YES;
				SDKROOT = iphoneos;
				SWIFT_COMPILATION_MODE = wholemodule;
				SWIFT_OPTIMIZATION_LEVEL = "-O";
				VALIDATE_PRODUCT = YES;
			};
			name = Release;
		};
		B90441FF28ED6537001D946B /* Debug */ = {
			isa = XCBuildConfiguration;
			buildSettings = {
				ASSETCATALOG_COMPILER_APPICON_NAME = AppIcon;
				ASSETCATALOG_COMPILER_GLOBAL_ACCENT_COLOR_NAME = AccentColor;
				ASSETCATALOG_COMPILER_INCLUDE_ALL_APPICON_ASSETS = YES;
				CODE_SIGN_STYLE = Automatic;
				CURRENT_PROJECT_VERSION = 1;
				DEVELOPMENT_ASSET_PATHS = "\"CharacterCollector/Preview Content\"";
				DEVELOPMENT_TEAM = Z66KDY865Y;
				ENABLE_PREVIEWS = YES;
				GENERATE_INFOPLIST_FILE = YES;
				INFOPLIST_KEY_CFBundleDisplayName = CharCollect;
				INFOPLIST_KEY_LSApplicationCategoryType = "public.app-category.entertainment";
				INFOPLIST_KEY_UIApplicationSceneManifest_Generation = YES;
				INFOPLIST_KEY_UIApplicationSupportsIndirectInputEvents = YES;
				INFOPLIST_KEY_UILaunchScreen_Generation = YES;
				INFOPLIST_KEY_UISupportedInterfaceOrientations_iPad = "UIInterfaceOrientationPortrait UIInterfaceOrientationPortraitUpsideDown UIInterfaceOrientationLandscapeLeft UIInterfaceOrientationLandscapeRight";
				INFOPLIST_KEY_UISupportedInterfaceOrientations_iPhone = "UIInterfaceOrientationPortrait UIInterfaceOrientationLandscapeLeft UIInterfaceOrientationLandscapeRight";
				IPHONEOS_DEPLOYMENT_TARGET = 16.0;
				LD_RUNPATH_SEARCH_PATHS = (
					"$(inherited)",
					"@executable_path/Frameworks",
				);
				MARKETING_VERSION = 1.0;
				PRODUCT_BUNDLE_IDENTIFIER = "Kai-Lee.CharacterCollector";
				PRODUCT_NAME = "$(TARGET_NAME)";
				SWIFT_EMIT_LOC_STRINGS = YES;
				SWIFT_VERSION = 5.0;
				TARGETED_DEVICE_FAMILY = "1,2";
			};
			name = Debug;
		};
		B904420028ED6537001D946B /* Release */ = {
			isa = XCBuildConfiguration;
			buildSettings = {
				ASSETCATALOG_COMPILER_APPICON_NAME = AppIcon;
				ASSETCATALOG_COMPILER_GLOBAL_ACCENT_COLOR_NAME = AccentColor;
				ASSETCATALOG_COMPILER_INCLUDE_ALL_APPICON_ASSETS = YES;
				CODE_SIGN_STYLE = Automatic;
				CURRENT_PROJECT_VERSION = 1;
				DEVELOPMENT_ASSET_PATHS = "\"CharacterCollector/Preview Content\"";
				DEVELOPMENT_TEAM = Z66KDY865Y;
				ENABLE_PREVIEWS = YES;
				GENERATE_INFOPLIST_FILE = YES;
				INFOPLIST_KEY_CFBundleDisplayName = CharCollect;
				INFOPLIST_KEY_LSApplicationCategoryType = "public.app-category.entertainment";
				INFOPLIST_KEY_UIApplicationSceneManifest_Generation = YES;
				INFOPLIST_KEY_UIApplicationSupportsIndirectInputEvents = YES;
				INFOPLIST_KEY_UILaunchScreen_Generation = YES;
				INFOPLIST_KEY_UISupportedInterfaceOrientations_iPad = "UIInterfaceOrientationPortrait UIInterfaceOrientationPortraitUpsideDown UIInterfaceOrientationLandscapeLeft UIInterfaceOrientationLandscapeRight";
				INFOPLIST_KEY_UISupportedInterfaceOrientations_iPhone = "UIInterfaceOrientationPortrait UIInterfaceOrientationLandscapeLeft UIInterfaceOrientationLandscapeRight";
				IPHONEOS_DEPLOYMENT_TARGET = 16.0;
				LD_RUNPATH_SEARCH_PATHS = (
					"$(inherited)",
					"@executable_path/Frameworks",
				);
				MARKETING_VERSION = 1.0;
				PRODUCT_BUNDLE_IDENTIFIER = "Kai-Lee.CharacterCollector";
				PRODUCT_NAME = "$(TARGET_NAME)";
				SWIFT_EMIT_LOC_STRINGS = YES;
				SWIFT_VERSION = 5.0;
				TARGETED_DEVICE_FAMILY = "1,2";
			};
			name = Release;
		};
		B999F5E3298B769600B96CED /* Debug */ = {
			isa = XCBuildConfiguration;
			buildSettings = {
				BUNDLE_LOADER = "$(TEST_HOST)";
				CODE_SIGN_STYLE = Automatic;
				CURRENT_PROJECT_VERSION = 1;
				DEVELOPMENT_TEAM = Z66KDY865Y;
				GENERATE_INFOPLIST_FILE = YES;
				IPHONEOS_DEPLOYMENT_TARGET = 16.1;
				MARKETING_VERSION = 1.0;
				PRODUCT_BUNDLE_IDENTIFIER = "Kai-Lee.CharacterCollectorTests";
				PRODUCT_NAME = "$(TARGET_NAME)";
				SWIFT_EMIT_LOC_STRINGS = NO;
				SWIFT_VERSION = 5.0;
				TARGETED_DEVICE_FAMILY = "1,2";
				TEST_HOST = "$(BUILT_PRODUCTS_DIR)/CharacterCollector.app/$(BUNDLE_EXECUTABLE_FOLDER_PATH)/CharacterCollector";
			};
			name = Debug;
		};
		B999F5E4298B769600B96CED /* Release */ = {
			isa = XCBuildConfiguration;
			buildSettings = {
				BUNDLE_LOADER = "$(TEST_HOST)";
				CODE_SIGN_STYLE = Automatic;
				CURRENT_PROJECT_VERSION = 1;
				DEVELOPMENT_TEAM = Z66KDY865Y;
				GENERATE_INFOPLIST_FILE = YES;
				IPHONEOS_DEPLOYMENT_TARGET = 16.1;
				MARKETING_VERSION = 1.0;
				PRODUCT_BUNDLE_IDENTIFIER = "Kai-Lee.CharacterCollectorTests";
				PRODUCT_NAME = "$(TARGET_NAME)";
				SWIFT_EMIT_LOC_STRINGS = NO;
				SWIFT_VERSION = 5.0;
				TARGETED_DEVICE_FAMILY = "1,2";
				TEST_HOST = "$(BUILT_PRODUCTS_DIR)/CharacterCollector.app/$(BUNDLE_EXECUTABLE_FOLDER_PATH)/CharacterCollector";
			};
			name = Release;
		};
/* End XCBuildConfiguration section */

/* Begin XCConfigurationList section */
		B90441D528ED6534001D946B /* Build configuration list for PBXProject "CharacterCollector" */ = {
			isa = XCConfigurationList;
			buildConfigurations = (
				B90441FC28ED6537001D946B /* Debug */,
				B90441FD28ED6537001D946B /* Release */,
			);
			defaultConfigurationIsVisible = 0;
			defaultConfigurationName = Release;
		};
		B90441FE28ED6537001D946B /* Build configuration list for PBXNativeTarget "CharacterCollector" */ = {
			isa = XCConfigurationList;
			buildConfigurations = (
				B90441FF28ED6537001D946B /* Debug */,
				B904420028ED6537001D946B /* Release */,
			);
			defaultConfigurationIsVisible = 0;
			defaultConfigurationName = Release;
		};
		B999F5E2298B769600B96CED /* Build configuration list for PBXNativeTarget "CharacterCollectorTests" */ = {
			isa = XCConfigurationList;
			buildConfigurations = (
				B999F5E3298B769600B96CED /* Debug */,
				B999F5E4298B769600B96CED /* Release */,
			);
			defaultConfigurationIsVisible = 0;
			defaultConfigurationName = Release;
		};
/* End XCConfigurationList section */

/* Begin XCRemoteSwiftPackageReference section */
		B999F5C5298B660900B96CED /* XCRemoteSwiftPackageReference "swift-snapshot-testing" */ = {
			isa = XCRemoteSwiftPackageReference;
			repositoryURL = "https://github.com/pointfreeco/swift-snapshot-testing.git";
			requirement = {
				kind = upToNextMajorVersion;
				minimumVersion = 1.0.0;
			};
		};
/* End XCRemoteSwiftPackageReference section */

/* Begin XCSwiftPackageProductDependency section */
		B999F5E6298B76DD00B96CED /* SnapshotTesting */ = {
			isa = XCSwiftPackageProductDependency;
			package = B999F5C5298B660900B96CED /* XCRemoteSwiftPackageReference "swift-snapshot-testing" */;
			productName = SnapshotTesting;
		};
/* End XCSwiftPackageProductDependency section */
	};
	rootObject = B90441D228ED6534001D946B /* Project object */;
}
